# THIS IS AN AUTOGENERATED FILE. DO NOT EDIT THIS FILE DIRECTLY.
# yarn lockfile v1


"@types/chrome@^0.0.193":
  version "0.0.193"
  resolved "https://registry.yarnpkg.com/@types/chrome/-/chrome-0.0.193.tgz#cd0dc5033f27a243d228aebe566c3ec19ef17e36"
  integrity sha512-R8C84oqvk8A8C8G1viBd8qLpDr86Y/jwD+KLgzUekbIT9RGds6a9GnlQyg8P7ltnGogTMHkiEQK0ZlcrvTeo3Q==
  dependencies:
    "@types/filesystem" "*"
    "@types/har-format" "*"

"@types/filesystem@*":
  version "0.0.32"
  resolved "https://registry.yarnpkg.com/@types/filesystem/-/filesystem-0.0.32.tgz#307df7cc084a2293c3c1a31151b178063e0a8edf"
  integrity sha512-Yuf4jR5YYMR2DVgwuCiP11s0xuVRyPKmz8vo6HBY3CGdeMj8af93CFZX+T82+VD1+UqHOxTq31lO7MI7lepBtQ==
  dependencies:
    "@types/filewriter" "*"

"@types/filewriter@*":
  version "0.0.29"
  resolved "https://registry.yarnpkg.com/@types/filewriter/-/filewriter-0.0.29.tgz#a48795ecadf957f6c0d10e0c34af86c098fa5bee"
  integrity sha512-BsPXH/irW0ht0Ji6iw/jJaK8Lj3FJemon2gvEqHKpCdDCeemHa+rI3WBGq5z7cDMZgoLjY40oninGxqk+8NzNQ==

"@types/har-format@*":
  version "1.2.8"
  resolved "https://registry.yarnpkg.com/@types/har-format/-/har-format-1.2.8.tgz#e6908b76d4c88be3db642846bb8b455f0bfb1c4e"
  integrity sha512-OP6L9VuZNdskgNN3zFQQ54ceYD8OLq5IbqO4VK91ORLfOm7WdT/CiT/pHEBSQEqCInJ2y3O6iCm/zGtPElpgJQ==

balanced-match@^1.0.0:
  version "1.0.2"
  resolved "https://registry.yarnpkg.com/balanced-match/-/balanced-match-1.0.2.tgz#e83e3a7e3f300b34cb9d87f615fa0cbf357690ee"
  integrity sha512-3oSeUO0TMV67hN1AmbXsK4yaqU7tjiHlbxRDZOpH0KW9+CeX4bRAaX0Anxt0tx2MrpRpWwQaPwIlISEJhYU5Pw==

brace-expansion@^1.1.7:
  version "1.1.11"
  resolved "https://registry.yarnpkg.com/brace-expansion/-/brace-expansion-1.1.11.tgz#3c7fcbf529d87226f3d2f52b966ff5271eb441dd"
  integrity sha512-iCuPHDFgrHX7H2vEI/5xpz07zSHB00TpugqhmYtVmMO6518mCuRMoOYFldEBl0g187ufozdaHgWKcYFb61qGiA==
  dependencies:
    balanced-match "^1.0.0"
    concat-map "0.0.1"

concat-map@0.0.1:
  version "0.0.1"
  resolved "https://registry.yarnpkg.com/concat-map/-/concat-map-0.0.1.tgz#d8a96bd77fd68df7793a73036a3ba0d5405d477b"
  integrity sha512-/Srv4dswyQNBfohGpz9o6Yb3Gz3SrUDqBH5rTuhGR7ahtlbYKnVxw2bCFMRljaA7EXHaXZ8wsHdodFvbkhKmqg==

esbuild-android-64@0.14.50:
  version "0.14.50"
  resolved "https://registry.yarnpkg.com/esbuild-android-64/-/esbuild-android-64-0.14.50.tgz#a46fc80fa2007690e647680d837483a750a3097f"
  integrity sha512-H7iUEm7gUJHzidsBlFPGF6FTExazcgXL/46xxLo6i6bMtPim6ZmXyTccS8yOMpy6HAC6dPZ/JCQqrkkin69n6Q==

esbuild-android-arm64@0.14.50:
  version "0.14.50"
  resolved "https://registry.yarnpkg.com/esbuild-android-arm64/-/esbuild-android-arm64-0.14.50.tgz#bdda7851fa7f5f770d6ff0ad593a8945d3a0fcdd"
  integrity sha512-NFaoqEwa+OYfoYVpQWDMdKII7wZZkAjtJFo1WdnBeCYlYikvUhTnf2aPwPu5qEAw/ie1NYK0yn3cafwP+kP+OQ==

esbuild-darwin-64@0.14.50:
  version "0.14.50"
  resolved "https://registry.yarnpkg.com/esbuild-darwin-64/-/esbuild-darwin-64-0.14.50.tgz#f0535435f9760766f30db14a991ee5ca94c022a4"
  integrity sha512-gDQsCvGnZiJv9cfdO48QqxkRV8oKAXgR2CGp7TdIpccwFdJMHf8hyIJhMW/05b/HJjET/26Us27Jx91BFfEVSA==

esbuild-darwin-arm64@0.14.50:
  version "0.14.50"
  resolved "https://registry.yarnpkg.com/esbuild-darwin-arm64/-/esbuild-darwin-arm64-0.14.50.tgz#76a41a40e8947a15ae62970e9ed2853883c4b16c"
  integrity sha512-36nNs5OjKIb/Q50Sgp8+rYW/PqirRiFN0NFc9hEvgPzNJxeJedktXwzfJSln4EcRFRh5Vz4IlqFRScp+aiBBzA==

esbuild-freebsd-64@0.14.50:
  version "0.14.50"
  resolved "https://registry.yarnpkg.com/esbuild-freebsd-64/-/esbuild-freebsd-64-0.14.50.tgz#2ed6633c17ed42c20a1bd68e82c4bbc75ea4fb57"
  integrity sha512-/1pHHCUem8e/R86/uR+4v5diI2CtBdiWKiqGuPa9b/0x3Nwdh5AOH7lj+8823C6uX1e0ufwkSLkS+aFZiBCWxA==

esbuild-freebsd-arm64@0.14.50:
  version "0.14.50"
  resolved "https://registry.yarnpkg.com/esbuild-freebsd-arm64/-/esbuild-freebsd-arm64-0.14.50.tgz#cb115f4cdafe9cdbe58875ba482fccc54d32aa43"
  integrity sha512-iKwUVMQztnPZe5pUYHdMkRc9aSpvoV1mkuHlCoPtxZA3V+Kg/ptpzkcSY+fKd0kuom+l6Rc93k0UPVkP7xoqrw==

esbuild-linux-32@0.14.50:
  version "0.14.50"
  resolved "https://registry.yarnpkg.com/esbuild-linux-32/-/esbuild-linux-32-0.14.50.tgz#fe2b724994dcf1d4e48dc4832ff008ad7d00bcfd"
  integrity sha512-sWUwvf3uz7dFOpLzYuih+WQ7dRycrBWHCdoXJ4I4XdMxEHCECd8b7a9N9u7FzT6XR2gHPk9EzvchQUtiEMRwqw==

esbuild-linux-64@0.14.50:
  version "0.14.50"
  resolved "https://registry.yarnpkg.com/esbuild-linux-64/-/esbuild-linux-64-0.14.50.tgz#7851ab5151df9501a2187bd4909c594ad232b623"
  integrity sha512-u0PQxPhaeI629t4Y3EEcQ0wmWG+tC/LpP2K7yDFvwuPq0jSQ8SIN+ARNYfRjGW15O2we3XJvklbGV0wRuUCPig==

esbuild-linux-arm64@0.14.50:
  version "0.14.50"
  resolved "https://registry.yarnpkg.com/esbuild-linux-arm64/-/esbuild-linux-arm64-0.14.50.tgz#76a76afef484a0512f1fbbcc762edd705dee8892"
  integrity sha512-ZyfoNgsTftD7Rp5S7La5auomKdNeB3Ck+kSKXC4pp96VnHyYGjHHXWIlcbH8i+efRn9brszo1/Thl1qn8RqmhQ==

esbuild-linux-arm@0.14.50:
  version "0.14.50"
  resolved "https://registry.yarnpkg.com/esbuild-linux-arm/-/esbuild-linux-arm-0.14.50.tgz#6d7a8c0712091b0c3a668dd5d8b5c924adbaeb12"
  integrity sha512-VALZq13bhmFJYFE/mLEb+9A0w5vo8z+YDVOWeaf9vOTrSC31RohRIwtxXBnVJ7YKLYfEMzcgFYf+OFln3Y0cWg==

esbuild-linux-mips64le@0.14.50:
  version "0.14.50"
  resolved "https://registry.yarnpkg.com/esbuild-linux-mips64le/-/esbuild-linux-mips64le-0.14.50.tgz#43426909c1884c5dc6b40765673a08a7ec1d2064"
  integrity sha512-ygo31Vxn/WrmjKCHkBoutOlFG5yM9J2UhzHb0oWD9O61dGg+Hzjz9hjf5cmM7FBhAzdpOdEWHIrVOg2YAi6rTw==

esbuild-linux-ppc64le@0.14.50:
  version "0.14.50"
  resolved "https://registry.yarnpkg.com/esbuild-linux-ppc64le/-/esbuild-linux-ppc64le-0.14.50.tgz#c754ea3da1dd180c6e9b6b508dc18ce983d92b11"
  integrity sha512-xWCKU5UaiTUT6Wz/O7GKP9KWdfbsb7vhfgQzRfX4ahh5NZV4ozZ4+SdzYG8WxetsLy84UzLX3Pi++xpVn1OkFQ==

esbuild-linux-riscv64@0.14.50:
  version "0.14.50"
  resolved "https://registry.yarnpkg.com/esbuild-linux-riscv64/-/esbuild-linux-riscv64-0.14.50.tgz#f3b2dd3c4c2b91bf191d3b98a9819c8aa6f5ad7f"
  integrity sha512-0+dsneSEihZTopoO9B6Z6K4j3uI7EdxBP7YSF5rTwUgCID+wHD3vM1gGT0m+pjCW+NOacU9kH/WE9N686FHAJg==

esbuild-linux-s390x@0.14.50:
  version "0.14.50"
  resolved "https://registry.yarnpkg.com/esbuild-linux-s390x/-/esbuild-linux-s390x-0.14.50.tgz#3dfbc4578b2a81995caabb79df2b628ea86a5390"
  integrity sha512-tVjqcu8o0P9H4StwbIhL1sQYm5mWATlodKB6dpEZFkcyTI8kfIGWiWcrGmkNGH2i1kBUOsdlBafPxR3nzp3TDA==

esbuild-netbsd-64@0.14.50:
  version "0.14.50"
  resolved "https://registry.yarnpkg.com/esbuild-netbsd-64/-/esbuild-netbsd-64-0.14.50.tgz#17dbf51eaa48d983e794b588d195415410ef8c85"
  integrity sha512-0R/glfqAQ2q6MHDf7YJw/TulibugjizBxyPvZIcorH0Mb7vSimdHy0XF5uCba5CKt+r4wjax1mvO9lZ4jiAhEg==

esbuild-openbsd-64@0.14.50:
  version "0.14.50"
  resolved "https://registry.yarnpkg.com/esbuild-openbsd-64/-/esbuild-openbsd-64-0.14.50.tgz#cf6b1a50c8cf67b0725aaa4bce9773976168c50e"
  integrity sha512-7PAtmrR5mDOFubXIkuxYQ4bdNS6XCK8AIIHUiZxq1kL8cFIH5731jPcXQ4JNy/wbj1C9sZ8rzD8BIM80Tqk29w==

esbuild-sunos-64@0.14.50:
  version "0.14.50"
  resolved "https://registry.yarnpkg.com/esbuild-sunos-64/-/esbuild-sunos-64-0.14.50.tgz#f705ae0dd914c3b45dc43319c4f532216c3d841f"
  integrity sha512-gBxNY/wyptvD7PkHIYcq7se6SQEXcSC8Y7mE0FJB+CGgssEWf6vBPfTTZ2b6BWKnmaP6P6qb7s/KRIV5T2PxsQ==

esbuild-windows-32@0.14.50:
  version "0.14.50"
  resolved "https://registry.yarnpkg.com/esbuild-windows-32/-/esbuild-windows-32-0.14.50.tgz#6364905a99c1e6c1e2fe7bfccebd958131b1cd6c"
  integrity sha512-MOOe6J9cqe/iW1qbIVYSAqzJFh0p2LBLhVUIWdMVnNUNjvg2/4QNX4oT4IzgDeldU+Bym9/Tn6+DxvUHJXL5Zw==

esbuild-windows-64@0.14.50:
  version "0.14.50"
  resolved "https://registry.yarnpkg.com/esbuild-windows-64/-/esbuild-windows-64-0.14.50.tgz#56603cb6367e30d14098deb77de6aa18d76dd89b"
  integrity sha512-r/qE5Ex3w1jjGv/JlpPoWB365ldkppUlnizhMxJgojp907ZF1PgLTuW207kgzZcSCXyquL9qJkMsY+MRtaZ5yQ==

esbuild-windows-arm64@0.14.50:
  version "0.14.50"
  resolved "https://registry.yarnpkg.com/esbuild-windows-arm64/-/esbuild-windows-arm64-0.14.50.tgz#e7ddde6a97194051a5a4ac05f4f5900e922a7ea5"
  integrity sha512-EMS4lQnsIe12ZyAinOINx7eq2mjpDdhGZZWDwPZE/yUTN9cnc2Ze/xUTYIAyaJqrqQda3LnDpADKpvLvol6ENQ==

esbuild@^0.14.50:
  version "0.14.50"
  resolved "https://registry.yarnpkg.com/esbuild/-/esbuild-0.14.50.tgz#7a665392c8df94bf6e1ae1e999966a5ee62c6cbc"
  integrity sha512-SbC3k35Ih2IC6trhbMYW7hYeGdjPKf9atTKwBUHqMCYFZZ9z8zhuvfnZihsnJypl74FjiAKjBRqFkBkAd0rS/w==
  optionalDependencies:
    esbuild-android-64 "0.14.50"
    esbuild-android-arm64 "0.14.50"
    esbuild-darwin-64 "0.14.50"
    esbuild-darwin-arm64 "0.14.50"
    esbuild-freebsd-64 "0.14.50"
    esbuild-freebsd-arm64 "0.14.50"
    esbuild-linux-32 "0.14.50"
    esbuild-linux-64 "0.14.50"
    esbuild-linux-arm "0.14.50"
    esbuild-linux-arm64 "0.14.50"
    esbuild-linux-mips64le "0.14.50"
    esbuild-linux-ppc64le "0.14.50"
    esbuild-linux-riscv64 "0.14.50"
    esbuild-linux-s390x "0.14.50"
    esbuild-netbsd-64 "0.14.50"
    esbuild-openbsd-64 "0.14.50"
    esbuild-sunos-64 "0.14.50"
    esbuild-windows-32 "0.14.50"
    esbuild-windows-64 "0.14.50"
    esbuild-windows-arm64 "0.14.50"

fs.realpath@^1.0.0:
  version "1.0.0"
  resolved "https://registry.yarnpkg.com/fs.realpath/-/fs.realpath-1.0.0.tgz#1504ad2523158caa40db4a2787cb01411994ea4f"
  integrity sha512-OO0pH2lK6a0hZnAdau5ItzHPI6pUlvI7jMVnxUQRtw4owF2wk8lOSabtGDCTP4Ggrg2MbGnWO9X8K1t4+fGMDw==

glob@^7.1.3:
  version "7.2.3"
  resolved "https://registry.yarnpkg.com/glob/-/glob-7.2.3.tgz#b8df0fb802bbfa8e89bd1d938b4e16578ed44f2b"
  integrity sha512-nFR0zLpU2YCaRxwoCJvL6UvCH2JFyFVIvwTLsIf21AuHlMskA1hhTdk+LlYJtOlYt9v6dvszD2BGRqBL+iQK9Q==
  dependencies:
    fs.realpath "^1.0.0"
    inflight "^1.0.4"
    inherits "2"
    minimatch "^3.1.1"
    once "^1.3.0"
    path-is-absolute "^1.0.0"

inflight@^1.0.4:
  version "1.0.6"
  resolved "https://registry.yarnpkg.com/inflight/-/inflight-1.0.6.tgz#49bd6331d7d02d0c09bc910a1075ba8165b56df9"
  integrity sha512-k92I/b08q4wvFscXCLvqfsHCrjrF7yiXsQuIVvVE7N82W3+aqpzuUdBbfhWcy/FZR3/4IgflMgKLOsvPDrGCJA==
  dependencies:
    once "^1.3.0"
    wrappy "1"

inherits@2:
  version "2.0.4"
  resolved "https://registry.yarnpkg.com/inherits/-/inherits-2.0.4.tgz#0fa2c64f932917c3433a0ded55363aae37416b7c"
  integrity sha512-k/vGaX4/Yla3WzyMCvTQOXYeIHvqOKtnqBduzTHpzpQZzAskKMhZ2K+EnBiSM9zGSoIFeMpXKxa4dYeZIQqewQ==

minimatch@^3.1.1:
  version "3.1.2"
  resolved "https://registry.yarnpkg.com/minimatch/-/minimatch-3.1.2.tgz#19cd194bfd3e428f049a70817c038d89ab4be35b"
  integrity sha512-J7p63hRiAjw1NDEww1W7i37+ByIrOWO5XQQAzZ3VOcL0PNybwpfmV/N05zFAzwQ9USyEcX6t3UO+K5aqBQOIHw==
  dependencies:
    brace-expansion "^1.1.7"

once@^1.3.0:
  version "1.4.0"
  resolved "https://registry.yarnpkg.com/once/-/once-1.4.0.tgz#583b1aa775961d4b113ac17d9c50baef9dd76bd1"
  integrity sha512-lNaJgI+2Q5URQBkccEKHTQOPaXdUxnZZElQTZY0MFUAuaEqe1E+Nyvgdz/aIyNi6Z9MzO5dv1H8n58/GELp3+w==
  dependencies:
    wrappy "1"

path-is-absolute@^1.0.0:
  version "1.0.1"
  resolved "https://registry.yarnpkg.com/path-is-absolute/-/path-is-absolute-1.0.1.tgz#174b9268735534ffbc7ace6bf53a5a9e1b5c5f5f"
  integrity sha512-AVbw3UJ2e9bq64vSaS9Am0fje1Pa8pbGqTTsmXfaIiMpnr5DlDhfJOuLj9Sf95ZPVDAUerDfEk88MPmPe7UCQg==

rimraf@^3.0.2:
  version "3.0.2"
  resolved "https://registry.yarnpkg.com/rimraf/-/rimraf-3.0.2.tgz#f1a5402ba6220ad52cc1282bac1ae3aa49fd061a"
  integrity sha512-JZkJMZkAGFFPP2YqXZXPbMlMBgsxzE8ILs4lMIX/2o0L9UBw9O/Y3o6wFw/i9YLapcUJWwqbi3kdxIPdC62TIA==
  dependencies:
    glob "^7.1.3"

wrappy@1:
  version "1.0.2"
  resolved "https://registry.yarnpkg.com/wrappy/-/wrappy-1.0.2.tgz#b5243d8f3ec1aa35f1364605bc0d1036e30ab69f"
  integrity sha512-l4Sp/DRseor9wL6EvV2+TuQn63dMkPjZ/sp9XkghTEbV9KlPS1xUsZ3u7/IQO4wxtcFB4bgpQPRcR3QCvezPcQ==
